
Microsoft Visual Studio Solution File, Format Version 12.00
# Visual Studio 15
VisualStudioVersion = 15.0.27703.2035
MinimumVisualStudioVersion = 10.0.40219.1
Project("{FAE04EC0-301F-11D3-BF4B-00C04F79EFBC}") = "JustRipe2018", "JustRipe2018.csproj", "{004B3E3A-9954-42F9-B53A-1381302E611F}"
EndProject
Global
	GlobalSection(SolutionConfigurationPlatforms) = preSolution
		Debug|Any CPU = Debug|Any CPU
		Release|Any CPU = Release|Any CPU
	EndGlobalSection
	GlobalSection(ProjectConfigurationPlatforms) = postSolution
		{004B3E3A-9954-42F9-B53A-1381302E611F}.Debug|Any CPU.ActiveCfg = Debug|Any CPU
		{004B3E3A-9954-42F9-B53A-1381302E611F}.Debug|Any CPU.Build.0 = Debug|Any CPU
		{004B3E3A-9954-42F9-B53A-1381302E611F}.Release|Any CPU.ActiveCfg = Release|Any CPU
		{004B3E3A-9954-42F9-B53A-1381302E611F}.Release|Any CPU.Build.0 = Release|Any CPU
	EndGlobalSection
	GlobalSection(SolutionProperties) = preSolution
		HideSolutionNode = FALSE
	EndGlobalSection
	GlobalSection(ExtensibilityGlobals) = postSolution
		SolutionGuid = {888D5348-0505-42B4-9416-5DBA1A0DD5A9}
	EndGlobalSection
EndGlobal
